
Microsoft Visual Studio Solution File, Format Version 12.00
# Visual Studio 15
VisualStudioVersion = 15.0.25928.0
MinimumVisualStudioVersion = 10.0.40219.1
Project("{FAE04EC0-301F-11D3-BF4B-00C04F79EFBC}") = "FacadePattern", "FacadePattern\FacadePattern.csproj", "{BCAE4D80-BF44-4EFD-A535-B2D2C658BA36}"
EndProject
Project("{2150E333-8FDC-42A3-9474-1A3956D46DE8}") = "Structural", "Structural", "{3406FEE5-01AE-43EF-A0D1-23E6209EC033}"
EndProject
Project("{2150E333-8FDC-42A3-9474-1A3956D46DE8}") = "Creational", "Creational", "{16A8B531-F37F-4D63-9D73-454A11726761}"
EndProject
Project("{FAE04EC0-301F-11D3-BF4B-00C04F79EFBC}") = "SingletonPattern", "SingletonPattern\SingletonPattern.csproj", "{8B81C059-C7F5-45BC-9F25-D17C6FC4727F}"
EndProject
Global
	GlobalSection(SolutionConfigurationPlatforms) = preSolution
		Debug|Any CPU = Debug|Any CPU
		Release|Any CPU = Release|Any CPU
	EndGlobalSection
	GlobalSection(ProjectConfigurationPlatforms) = postSolution
		{BCAE4D80-BF44-4EFD-A535-B2D2C658BA36}.Debug|Any CPU.ActiveCfg = Debug|Any CPU
		{BCAE4D80-BF44-4EFD-A535-B2D2C658BA36}.Debug|Any CPU.Build.0 = Debug|Any CPU
		{BCAE4D80-BF44-4EFD-A535-B2D2C658BA36}.Release|Any CPU.ActiveCfg = Release|Any CPU
		{BCAE4D80-BF44-4EFD-A535-B2D2C658BA36}.Release|Any CPU.Build.0 = Release|Any CPU
		{8B81C059-C7F5-45BC-9F25-D17C6FC4727F}.Debug|Any CPU.ActiveCfg = Debug|Any CPU
		{8B81C059-C7F5-45BC-9F25-D17C6FC4727F}.Debug|Any CPU.Build.0 = Debug|Any CPU
		{8B81C059-C7F5-45BC-9F25-D17C6FC4727F}.Release|Any CPU.ActiveCfg = Release|Any CPU
		{8B81C059-C7F5-45BC-9F25-D17C6FC4727F}.Release|Any CPU.Build.0 = Release|Any CPU
	EndGlobalSection
	GlobalSection(SolutionProperties) = preSolution
		HideSolutionNode = FALSE
	EndGlobalSection
	GlobalSection(NestedProjects) = preSolution
		{BCAE4D80-BF44-4EFD-A535-B2D2C658BA36} = {3406FEE5-01AE-43EF-A0D1-23E6209EC033}
		{8B81C059-C7F5-45BC-9F25-D17C6FC4727F} = {16A8B531-F37F-4D63-9D73-454A11726761}
	EndGlobalSection
EndGlobal
